// !$*UTF8*$!
{
	archiveVersion = 1;
	classes = {
	};
	objectVersion = 56;
	objects = {

/* Begin PBXBuildFile section */
		895327AD2C2137020092C6EA /* PushToTalkAPPApp.swift in Sources */ = {isa = PBXBuildFile; fileRef = 895327AC2C2137020092C6EA /* PushToTalkAPPApp.swift */; };
		895327AF2C2137020092C6EA /* ContentView.swift in Sources */ = {isa = PBXBuildFile; fileRef = 895327AE2C2137020092C6EA /* ContentView.swift */; };
		895327B12C2137040092C6EA /* Assets.xcassets in Resources */ = {isa = PBXBuildFile; fileRef = 895327B02C2137040092C6EA /* Assets.xcassets */; };
		895327B42C2137040092C6EA /* Preview Assets.xcassets in Resources */ = {isa = PBXBuildFile; fileRef = 895327B32C2137040092C6EA /* Preview Assets.xcassets */; };
		895327BB2C21371B0092C6EA /* PushToTalkManager.swift in Sources */ = {isa = PBXBuildFile; fileRef = 895327BA2C21371B0092C6EA /* PushToTalkManager.swift */; };
		895327BD2C2137C70092C6EA /* FriendListView.swift in Sources */ = {isa = PBXBuildFile; fileRef = 895327BC2C2137C70092C6EA /* FriendListView.swift */; };
		895327BF2C2137EA0092C6EA /* DOSSaemmul.ttf in Resources */ = {isa = PBXBuildFile; fileRef = 895327BE2C2137EA0092C6EA /* DOSSaemmul.ttf */; };
		895327C72C215E6D0092C6EA /* LvlView.swift in Sources */ = {isa = PBXBuildFile; fileRef = 895327C62C215E6D0092C6EA /* LvlView.swift */; };
		895327C92C2172FF0092C6EA /* LvlDetailView.swift in Sources */ = {isa = PBXBuildFile; fileRef = 895327C82C2172FF0092C6EA /* LvlDetailView.swift */; };
		895327CB2C2177190092C6EA /* CustomNavigationBarView.swift in Sources */ = {isa = PBXBuildFile; fileRef = 895327CA2C2177190092C6EA /* CustomNavigationBarView.swift */; };
/* End PBXBuildFile section */

/* Begin PBXFileReference section */
		895327A92C2137020092C6EA /* PushToTalkAPP.app */ = {isa = PBXFileReference; explicitFileType = wrapper.application; includeInIndex = 0; path = PushToTalkAPP.app; sourceTree = BUILT_PRODUCTS_DIR; };
		895327AC2C2137020092C6EA /* PushToTalkAPPApp.swift */ = {isa = PBXFileReference; lastKnownFileType = sourcecode.swift; path = PushToTalkAPPApp.swift; sourceTree = "<group>"; };
		895327AE2C2137020092C6EA /* ContentView.swift */ = {isa = PBXFileReference; lastKnownFileType = sourcecode.swift; path = ContentView.swift; sourceTree = "<group>"; };
		895327B02C2137040092C6EA /* Assets.xcassets */ = {isa = PBXFileReference; lastKnownFileType = folder.assetcatalog; path = Assets.xcassets; sourceTree = "<group>"; };
		895327B32C2137040092C6EA /* Preview Assets.xcassets */ = {isa = PBXFileReference; lastKnownFileType = folder.assetcatalog; path = "Preview Assets.xcassets"; sourceTree = "<group>"; };
		895327BA2C21371B0092C6EA /* PushToTalkManager.swift */ = {isa = PBXFileReference; lastKnownFileType = sourcecode.swift; path = PushToTalkManager.swift; sourceTree = "<group>"; };
		895327BC2C2137C70092C6EA /* FriendListView.swift */ = {isa = PBXFileReference; lastKnownFileType = sourcecode.swift; path = FriendListView.swift; sourceTree = "<group>"; };
		895327BE2C2137EA0092C6EA /* DOSSaemmul.ttf */ = {isa = PBXFileReference; lastKnownFileType = file; path = DOSSaemmul.ttf; sourceTree = "<group>"; };
		895327C02C2138080092C6EA /* PushToTalkAPP.entitlements */ = {isa = PBXFileReference; lastKnownFileType = text.plist.entitlements; path = PushToTalkAPP.entitlements; sourceTree = "<group>"; };
		895327C12C2138230092C6EA /* Info.plist */ = {isa = PBXFileReference; lastKnownFileType = text.plist; path = Info.plist; sourceTree = "<group>"; };
		895327C62C215E6D0092C6EA /* LvlView.swift */ = {isa = PBXFileReference; lastKnownFileType = sourcecode.swift; path = LvlView.swift; sourceTree = "<group>"; };
		895327C82C2172FF0092C6EA /* LvlDetailView.swift */ = {isa = PBXFileReference; lastKnownFileType = sourcecode.swift; path = LvlDetailView.swift; sourceTree = "<group>"; };
		895327CA2C2177190092C6EA /* CustomNavigationBarView.swift */ = {isa = PBXFileReference; lastKnownFileType = sourcecode.swift; path = CustomNavigationBarView.swift; sourceTree = "<group>"; };
/* End PBXFileReference section */

/* Begin PBXFrameworksBuildPhase section */
		895327A62C2137020092C6EA /* Frameworks */ = {
			isa = PBXFrameworksBuildPhase;
			buildActionMask = 2147483647;
			files = (
			);
			runOnlyForDeploymentPostprocessing = 0;
		};
/* End PBXFrameworksBuildPhase section */

/* Begin PBXGroup section */
		895327A02C2137020092C6EA = {
			isa = PBXGroup;
			children = (
				895327AB2C2137020092C6EA /* PushToTalkAPP */,
				895327AA2C2137020092C6EA /* Products */,
			);
			sourceTree = "<group>";
		};
		895327AA2C2137020092C6EA /* Products */ = {
			isa = PBXGroup;
			children = (
				895327A92C2137020092C6EA /* PushToTalkAPP.app */,
			);
			name = Products;
			sourceTree = "<group>";
		};
		895327AB2C2137020092C6EA /* PushToTalkAPP */ = {
			isa = PBXGroup;
			children = (
				895327C12C2138230092C6EA /* Info.plist */,
				895327C02C2138080092C6EA /* PushToTalkAPP.entitlements */,
				895327BE2C2137EA0092C6EA /* DOSSaemmul.ttf */,
				895327AC2C2137020092C6EA /* PushToTalkAPPApp.swift */,
				895327AE2C2137020092C6EA /* ContentView.swift */,
				895327B02C2137040092C6EA /* Assets.xcassets */,
				895327B22C2137040092C6EA /* Preview Content */,
				895327BA2C21371B0092C6EA /* PushToTalkManager.swift */,
				895327BC2C2137C70092C6EA /* FriendListView.swift */,
				895327C62C215E6D0092C6EA /* LvlView.swift */,
			);
			path = PushToTalkAPP;
			sourceTree = "<group>";
		};
		895327B22C2137040092C6EA /* Preview Content */ = {
			isa = PBXGroup;
			children = (
				895327B32C2137040092C6EA /* Preview Assets.xcassets */,
				895327C82C2172FF0092C6EA /* LvlDetailView.swift */,
				895327CA2C2177190092C6EA /* CustomNavigationBarView.swift */,
			);
			path = "Preview Content";
			sourceTree = "<group>";
		};
/* End PBXGroup section */

/* Begin PBXNativeTarget section */
		895327A82C2137020092C6EA /* PushToTalkAPP */ = {
			isa = PBXNativeTarget;
			buildConfigurationList = 895327B72C2137040092C6EA /* Build configuration list for PBXNativeTarget "PushToTalkAPP" */;
			buildPhases = (
				895327A52C2137020092C6EA /* Sources */,
				895327A62C2137020092C6EA /* Frameworks */,
				895327A72C2137020092C6EA /* Resources */,
			);
			buildRules = (
			);
			dependencies = (
			);
			name = PushToTalkAPP;
			productName = PushToTalkAPP;
			productReference = 895327A92C2137020092C6EA /* PushToTalkAPP.app */;
			productType = "com.apple.product-type.application";
		};
/* End PBXNativeTarget section */

/* Begin PBXProject section */
		895327A12C2137020092C6EA /* Project object */ = {
			isa = PBXProject;
			attributes = {
				BuildIndependentTargetsInParallel = 1;
				LastSwiftUpdateCheck = 1540;
				LastUpgradeCheck = 1540;
				TargetAttributes = {
					895327A82C2137020092C6EA = {
						CreatedOnToolsVersion = 15.4;
					};
				};
			};
			buildConfigurationList = 895327A42C2137020092C6EA /* Build configuration list for PBXProject "PushToTalkAPP" */;
			compatibilityVersion = "Xcode 14.0";
			developmentRegion = en;
			hasScannedForEncodings = 0;
			knownRegions = (
				en,
				Base,
			);
			mainGroup = 895327A02C2137020092C6EA;
			productRefGroup = 895327AA2C2137020092C6EA /* Products */;
			projectDirPath = "";
			projectRoot = "";
			targets = (
				895327A82C2137020092C6EA /* PushToTalkAPP */,
			);
		};
/* End PBXProject section */

/* Begin PBXResourcesBuildPhase section */
		895327A72C2137020092C6EA /* Resources */ = {
			isa = PBXResourcesBuildPhase;
			buildActionMask = 2147483647;
			files = (
				895327BF2C2137EA0092C6EA /* DOSSaemmul.ttf in Resources */,
				895327B42C2137040092C6EA /* Preview Assets.xcassets in Resources */,
				895327B12C2137040092C6EA /* Assets.xcassets in Resources */,
			);
			runOnlyForDeploymentPostprocessing = 0;
		};
/* End PBXResourcesBuildPhase section */

/* Begin PBXSourcesBuildPhase section */
		895327A52C2137020092C6EA /* Sources */ = {
			isa = PBXSourcesBuildPhase;
			buildActionMask = 2147483647;
			files = (
				895327C92C2172FF0092C6EA /* LvlDetailView.swift in Sources */,
				895327CB2C2177190092C6EA /* CustomNavigationBarView.swift in Sources */,
				895327C72C215E6D0092C6EA /* LvlView.swift in Sources */,
				895327BB2C21371B0092C6EA /* PushToTalkManager.swift in Sources */,
				895327BD2C2137C70092C6EA /* FriendListView.swift in Sources */,
				895327AF2C2137020092C6EA /* ContentView.swift in Sources */,
				895327AD2C2137020092C6EA /* PushToTalkAPPApp.swift in Sources */,
			);
			runOnlyForDeploymentPostprocessing = 0;
		};
/* End PBXSourcesBuildPhase section */

/* Begin XCBuildConfiguration section */
		895327B52C2137040092C6EA /* Debug */ = {
			isa = XCBuildConfiguration;
			buildSettings = {
				ALWAYS_SEARCH_USER_PATHS = NO;
				ASSETCATALOG_COMPILER_GENERATE_SWIFT_ASSET_SYMBOL_EXTENSIONS = YES;
				CLANG_ANALYZER_NONNULL = YES;
				CLANG_ANALYZER_NUMBER_OBJECT_CONVERSION = YES_AGGRESSIVE;
				CLANG_CXX_LANGUAGE_STANDARD = "gnu++20";
				CLANG_ENABLE_MODULES = YES;
				CLANG_ENABLE_OBJC_ARC = YES;
				CLANG_ENABLE_OBJC_WEAK = YES;
				CLANG_WARN_BLOCK_CAPTURE_AUTORELEASING = YES;
				CLANG_WARN_BOOL_CONVERSION = YES;
				CLANG_WARN_COMMA = YES;
				CLANG_WARN_CONSTANT_CONVERSION = YES;
				CLANG_WARN_DEPRECATED_OBJC_IMPLEMENTATIONS = YES;
				CLANG_WARN_DIRECT_OBJC_ISA_USAGE = YES_ERROR;
				CLANG_WARN_DOCUMENTATION_COMMENTS = YES;
				CLANG_WARN_EMPTY_BODY = YES;
				CLANG_WARN_ENUM_CONVERSION = YES;
				CLANG_WARN_INFINITE_RECURSION = YES;
				CLANG_WARN_INT_CONVERSION = YES;
				CLANG_WARN_NON_LITERAL_NULL_CONVERSION = YES;
				CLANG_WARN_OBJC_IMPLICIT_RETAIN_SELF = YES;
				CLANG_WARN_OBJC_LITERAL_CONVERSION = YES;
				CLANG_WARN_OBJC_ROOT_CLASS = YES_ERROR;
				CLANG_WARN_QUOTED_INCLUDE_IN_FRAMEWORK_HEADER = YES;
				CLANG_WARN_RANGE_LOOP_ANALYSIS = YES;
				CLANG_WARN_STRICT_PROTOTYPES = YES;
				CLANG_WARN_SUSPICIOUS_MOVE = YES;
				CLANG_WARN_UNGUARDED_AVAILABILITY = YES_AGGRESSIVE;
				CLANG_WARN_UNREACHABLE_CODE = YES;
				CLANG_WARN__DUPLICATE_METHOD_MATCH = YES;
				COPY_PHASE_STRIP = NO;
				DEBUG_INFORMATION_FORMAT = dwarf;
				ENABLE_STRICT_OBJC_MSGSEND = YES;
				ENABLE_TESTABILITY = YES;
				ENABLE_USER_SCRIPT_SANDBOXING = YES;
				GCC_C_LANGUAGE_STANDARD = gnu17;
				GCC_DYNAMIC_NO_PIC = NO;
				GCC_NO_COMMON_BLOCKS = YES;
				GCC_OPTIMIZATION_LEVEL = 0;
				GCC_PREPROCESSOR_DEFINITIONS = (
					"DEBUG=1",
					"$(inherited)",
				);
				GCC_WARN_64_TO_32_BIT_CONVERSION = YES;
				GCC_WARN_ABOUT_RETURN_TYPE = YES_ERROR;
				GCC_WARN_UNDECLARED_SELECTOR = YES;
				GCC_WARN_UNINITIALIZED_AUTOS = YES_AGGRESSIVE;
				GCC_WARN_UNUSED_FUNCTION = YES;
				GCC_WARN_UNUSED_VARIABLE = YES;
				IPHONEOS_DEPLOYMENT_TARGET = 17.5;
				LOCALIZATION_PREFERS_STRING_CATALOGS = YES;
				MTL_ENABLE_DEBUG_INFO = INCLUDE_SOURCE;
				MTL_FAST_MATH = YES;
				ONLY_ACTIVE_ARCH = YES;
				SDKROOT = iphoneos;
				SWIFT_ACTIVE_COMPILATION_CONDITIONS = "DEBUG $(inherited)";
				SWIFT_OPTIMIZATION_LEVEL = "-Onone";
			};
			name = Debug;
		};
		895327B62C2137040092C6EA /* Release */ = {
			isa = XCBuildConfiguration;
			buildSettings = {
				ALWAYS_SEARCH_USER_PATHS = NO;
				ASSETCATALOG_COMPILER_GENERATE_SWIFT_ASSET_SYMBOL_EXTENSIONS = YES;
				CLANG_ANALYZER_NONNULL = YES;
				CLANG_ANALYZER_NUMBER_OBJECT_CONVERSION = YES_AGGRESSIVE;
				CLANG_CXX_LANGUAGE_STANDARD = "gnu++20";
				CLANG_ENABLE_MODULES = YES;
				CLANG_ENABLE_OBJC_ARC = YES;
				CLANG_ENABLE_OBJC_WEAK = YES;
				CLANG_WARN_BLOCK_CAPTURE_AUTORELEASING = YES;
				CLANG_WARN_BOOL_CONVERSION = YES;
				CLANG_WARN_COMMA = YES;
				CLANG_WARN_CONSTANT_CONVERSION = YES;
				CLANG_WARN_DEPRECATED_OBJC_IMPLEMENTATIONS = YES;
				CLANG_WARN_DIRECT_OBJC_ISA_USAGE = YES_ERROR;
				CLANG_WARN_DOCUMENTATION_COMMENTS = YES;
				CLANG_WARN_EMPTY_BODY = YES;
				CLANG_WARN_ENUM_CONVERSION = YES;
				CLANG_WARN_INFINITE_RECURSION = YES;
				CLANG_WARN_INT_CONVERSION = YES;
				CLANG_WARN_NON_LITERAL_NULL_CONVERSION = YES;
				CLANG_WARN_OBJC_IMPLICIT_RETAIN_SELF = YES;
				CLANG_WARN_OBJC_LITERAL_CONVERSION = YES;
				CLANG_WARN_OBJC_ROOT_CLASS = YES_ERROR;
				CLANG_WARN_QUOTED_INCLUDE_IN_FRAMEWORK_HEADER = YES;
				CLANG_WARN_RANGE_LOOP_ANALYSIS = YES;
				CLANG_WARN_STRICT_PROTOTYPES = YES;
				CLANG_WARN_SUSPICIOUS_MOVE = YES;
				CLANG_WARN_UNGUARDED_AVAILABILITY = YES_AGGRESSIVE;
				CLANG_WARN_UNREACHABLE_CODE = YES;
				CLANG_WARN__DUPLICATE_METHOD_MATCH = YES;
				COPY_PHASE_STRIP = NO;
				DEBUG_INFORMATION_FORMAT = "dwarf-with-dsym";
				ENABLE_NS_ASSERTIONS = NO;
				ENABLE_STRICT_OBJC_MSGSEND = YES;
				ENABLE_USER_SCRIPT_SANDBOXING = YES;
				GCC_C_LANGUAGE_STANDARD = gnu17;
				GCC_NO_COMMON_BLOCKS = YES;
				GCC_WARN_64_TO_32_BIT_CONVERSION = YES;
				GCC_WARN_ABOUT_RETURN_TYPE = YES_ERROR;
				GCC_WARN_UNDECLARED_SELECTOR = YES;
				GCC_WARN_UNINITIALIZED_AUTOS = YES_AGGRESSIVE;
				GCC_WARN_UNUSED_FUNCTION = YES;
				GCC_WARN_UNUSED_VARIABLE = YES;
				IPHONEOS_DEPLOYMENT_TARGET = 17.5;
				LOCALIZATION_PREFERS_STRING_CATALOGS = YES;
				MTL_ENABLE_DEBUG_INFO = NO;
				MTL_FAST_MATH = YES;
				SDKROOT = iphoneos;
				SWIFT_COMPILATION_MODE = wholemodule;
				VALIDATE_PRODUCT = YES;
			};
			name = Release;
		};
		895327B82C2137040092C6EA /* Debug */ = {
			isa = XCBuildConfiguration;
			buildSettings = {
				ASSETCATALOG_COMPILER_APPICON_NAME = AppIcon;
				ASSETCATALOG_COMPILER_GLOBAL_ACCENT_COLOR_NAME = AccentColor;
				CODE_SIGN_ENTITLEMENTS = PushToTalkAPP/PushToTalkAPP.entitlements;
				CODE_SIGN_STYLE = Automatic;
				CURRENT_PROJECT_VERSION = 1;
				DEVELOPMENT_ASSET_PATHS = "\"PushToTalkAPP/Preview Content\"";
				DEVELOPMENT_TEAM = 8D32S9PLZ6;
				ENABLE_PREVIEWS = YES;
				GENERATE_INFOPLIST_FILE = YES;
				INFOPLIST_FILE = PushToTalkAPP/Info.plist;
				INFOPLIST_KEY_UIApplicationSceneManifest_Generation = YES;
				INFOPLIST_KEY_UIApplicationSupportsIndirectInputEvents = YES;
				INFOPLIST_KEY_UILaunchScreen_Generation = YES;
				INFOPLIST_KEY_UISupportedInterfaceOrientations_iPad = "UIInterfaceOrientationPortrait UIInterfaceOrientationPortraitUpsideDown UIInterfaceOrientationLandscapeLeft UIInterfaceOrientationLandscapeRight";
				INFOPLIST_KEY_UISupportedInterfaceOrientations_iPhone = "UIInterfaceOrientationPortrait UIInterfaceOrientationLandscapeLeft UIInterfaceOrientationLandscapeRight";
				LD_RUNPATH_SEARCH_PATHS = (
					"$(inherited)",
					"@executable_path/Frameworks",
				);
				MARKETING_VERSION = 1.0;
				PRODUCT_BUNDLE_IDENTIFIER = "LeeYeeun-Kim.PushToTalkAPP";
				PRODUCT_NAME = "$(TARGET_NAME)";
				SWIFT_EMIT_LOC_STRINGS = YES;
				SWIFT_VERSION = 5.0;
				TARGETED_DEVICE_FAMILY = "1,2";
			};
			name = Debug;
		};
		895327B92C2137040092C6EA /* Release */ = {
			isa = XCBuildConfiguration;
			buildSettings = {
				ASSETCATALOG_COMPILER_APPICON_NAME = AppIcon;
				ASSETCATALOG_COMPILER_GLOBAL_ACCENT_COLOR_NAME = AccentColor;
				CODE_SIGN_ENTITLEMENTS = PushToTalkAPP/PushToTalkAPP.entitlements;
				CODE_SIGN_STYLE = Automatic;
				CURRENT_PROJECT_VERSION = 1;
				DEVELOPMENT_ASSET_PATHS = "\"PushToTalkAPP/Preview Content\"";
				DEVELOPMENT_TEAM = 8D32S9PLZ6;
				ENABLE_PREVIEWS = YES;
				GENERATE_INFOPLIST_FILE = YES;
				INFOPLIST_FILE = PushToTalkAPP/Info.plist;
				INFOPLIST_KEY_UIApplicationSceneManifest_Generation = YES;
				INFOPLIST_KEY_UIApplicationSupportsIndirectInputEvents = YES;
				INFOPLIST_KEY_UILaunchScreen_Generation = YES;
				INFOPLIST_KEY_UISupportedInterfaceOrientations_iPad = "UIInterfaceOrientationPortrait UIInterfaceOrientationPortraitUpsideDown UIInterfaceOrientationLandscapeLeft UIInterfaceOrientationLandscapeRight";
				INFOPLIST_KEY_UISupportedInterfaceOrientations_iPhone = "UIInterfaceOrientationPortrait UIInterfaceOrientationLandscapeLeft UIInterfaceOrientationLandscapeRight";
				LD_RUNPATH_SEARCH_PATHS = (
					"$(inherited)",
					"@executable_path/Frameworks",
				);
				MARKETING_VERSION = 1.0;
				PRODUCT_BUNDLE_IDENTIFIER = "LeeYeeun-Kim.PushToTalkAPP";
				PRODUCT_NAME = "$(TARGET_NAME)";
				SWIFT_EMIT_LOC_STRINGS = YES;
				SWIFT_VERSION = 5.0;
				TARGETED_DEVICE_FAMILY = "1,2";
			};
			name = Release;
		};
/* End XCBuildConfiguration section */

/* Begin XCConfigurationList section */
		895327A42C2137020092C6EA /* Build configuration list for PBXProject "PushToTalkAPP" */ = {
			isa = XCConfigurationList;
			buildConfigurations = (
				895327B52C2137040092C6EA /* Debug */,
				895327B62C2137040092C6EA /* Release */,
			);
			defaultConfigurationIsVisible = 0;
			defaultConfigurationName = Release;
		};
		895327B72C2137040092C6EA /* Build configuration list for PBXNativeTarget "PushToTalkAPP" */ = {
			isa = XCConfigurationList;
			buildConfigurations = (
				895327B82C2137040092C6EA /* Debug */,
				895327B92C2137040092C6EA /* Release */,
			);
			defaultConfigurationIsVisible = 0;
			defaultConfigurationName = Release;
		};
/* End XCConfigurationList section */
	};
	rootObject = 895327A12C2137020092C6EA /* Project object */;
}
